
Microsoft Visual Studio Solution File, Format Version 12.00
# Visual Studio Version 17
VisualStudioVersion = 17.1.32421.90
MinimumVisualStudioVersion = 10.0.40219.1
Project("{9A19103F-16F7-4668-BE54-9A1E7A4F7556}") = "API", "API\API.csproj", "{63F1C3A8-3F0D-47F1-8BC9-2E2645C6ABF3}"
EndProject
Project("{2150E333-8FDC-42A3-9474-1A3956D46DE8}") = "Core", "Core", "{DF265B0E-249D-4395-BCE8-03B031708DB5}"
EndProject
Project("{9A19103F-16F7-4668-BE54-9A1E7A4F7556}") = "Core.Lib", "Core.Lib\Core.Lib.csproj", "{3C9B3915-9D3D-4D3B-ADB4-1F976DF2B60B}"
EndProject
Project("{9A19103F-16F7-4668-BE54-9A1E7A4F7556}") = "Core.Constants", "Core.Constants\Core.Constants.csproj", "{B97C8E88-5711-44D9-A362-43F91A6F2C0C}"
EndProject
Project("{2150E333-8FDC-42A3-9474-1A3956D46DE8}") = "Solution Items", "Solution Items", "{010FAFE4-6656-42DE-8A0F-3A1E5EAB314A}"
	ProjectSection(SolutionItems) = preProject
		.editorconfig = .editorconfig
	EndProjectSection
EndProject
Project("{9A19103F-16F7-4668-BE54-9A1E7A4F7556}") = "Core.Test", "Core.Test\Core.Test.csproj", "{BC6F2A83-F94C-4145-A00C-D1F98DE88E38}"
EndProject
Global
	GlobalSection(SolutionConfigurationPlatforms) = preSolution
		Debug|Any CPU = Debug|Any CPU
		Release|Any CPU = Release|Any CPU
	EndGlobalSection
	GlobalSection(ProjectConfigurationPlatforms) = postSolution
		{63F1C3A8-3F0D-47F1-8BC9-2E2645C6ABF3}.Debug|Any CPU.ActiveCfg = Debug|Any CPU
		{63F1C3A8-3F0D-47F1-8BC9-2E2645C6ABF3}.Debug|Any CPU.Build.0 = Debug|Any CPU
		{63F1C3A8-3F0D-47F1-8BC9-2E2645C6ABF3}.Release|Any CPU.ActiveCfg = Release|Any CPU
		{63F1C3A8-3F0D-47F1-8BC9-2E2645C6ABF3}.Release|Any CPU.Build.0 = Release|Any CPU
		{3C9B3915-9D3D-4D3B-ADB4-1F976DF2B60B}.Debug|Any CPU.ActiveCfg = Debug|Any CPU
		{3C9B3915-9D3D-4D3B-ADB4-1F976DF2B60B}.Debug|Any CPU.Build.0 = Debug|Any CPU
		{3C9B3915-9D3D-4D3B-ADB4-1F976DF2B60B}.Release|Any CPU.ActiveCfg = Release|Any CPU
		{3C9B3915-9D3D-4D3B-ADB4-1F976DF2B60B}.Release|Any CPU.Build.0 = Release|Any CPU
		{B97C8E88-5711-44D9-A362-43F91A6F2C0C}.Debug|Any CPU.ActiveCfg = Debug|Any CPU
		{B97C8E88-5711-44D9-A362-43F91A6F2C0C}.Debug|Any CPU.Build.0 = Debug|Any CPU
		{B97C8E88-5711-44D9-A362-43F91A6F2C0C}.Release|Any CPU.ActiveCfg = Release|Any CPU
		{B97C8E88-5711-44D9-A362-43F91A6F2C0C}.Release|Any CPU.Build.0 = Release|Any CPU
		{BC6F2A83-F94C-4145-A00C-D1F98DE88E38}.Debug|Any CPU.ActiveCfg = Debug|Any CPU
		{BC6F2A83-F94C-4145-A00C-D1F98DE88E38}.Debug|Any CPU.Build.0 = Debug|Any CPU
		{BC6F2A83-F94C-4145-A00C-D1F98DE88E38}.Release|Any CPU.ActiveCfg = Release|Any CPU
		{BC6F2A83-F94C-4145-A00C-D1F98DE88E38}.Release|Any CPU.Build.0 = Release|Any CPU
	EndGlobalSection
	GlobalSection(SolutionProperties) = preSolution
		HideSolutionNode = FALSE
	EndGlobalSection
	GlobalSection(NestedProjects) = preSolution
		{3C9B3915-9D3D-4D3B-ADB4-1F976DF2B60B} = {DF265B0E-249D-4395-BCE8-03B031708DB5}
		{B97C8E88-5711-44D9-A362-43F91A6F2C0C} = {DF265B0E-249D-4395-BCE8-03B031708DB5}
		{BC6F2A83-F94C-4145-A00C-D1F98DE88E38} = {DF265B0E-249D-4395-BCE8-03B031708DB5}
	EndGlobalSection
	GlobalSection(ExtensibilityGlobals) = postSolution
		SolutionGuid = {5E2BFE0C-9475-430E-95F1-3D76F7FD2BBE}
	EndGlobalSection
EndGlobal
